// !$*UTF8*$!
{
	archiveVersion = 1;
	classes = {
	};
	objectVersion = 45;
	objects = {

/* Begin PBXAggregateTarget section */
		24416B8111C4CA220047AFDD /* Build & Test */ = {
			isa = PBXAggregateTarget;
			buildConfigurationList = 24416B8A11C4CA520047AFDD /* Build configuration list for PBXAggregateTarget "Build & Test" */;
			buildPhases = (
				24416B8011C4CA220047AFDD /* ShellScript */,
			);
			dependencies = (
				24416B8511C4CA280047AFDD /* PBXTargetDependency */,
			);
			name = "Build & Test";
			productName = "Build & test";
		};
/* End PBXAggregateTarget section */

/* Begin PBXBuildFile section */
		24DD6CF91134B3F500162E58 /* ComAcktieMobileIosQrModule.h in Headers */ = {isa = PBXBuildFile; fileRef = 24DD6CF71134B3F500162E58 /* ComAcktieMobileIosQrModule.h */; };
		24DD6CFA1134B3F500162E58 /* ComAcktieMobileIosQrModule.m in Sources */ = {isa = PBXBuildFile; fileRef = 24DD6CF81134B3F500162E58 /* ComAcktieMobileIosQrModule.m */; };
		24DE9E1111C5FE74003F90F6 /* ComAcktieMobileIosQrModuleAssets.h in Headers */ = {isa = PBXBuildFile; fileRef = 24DE9E0F11C5FE74003F90F6 /* ComAcktieMobileIosQrModuleAssets.h */; };
		24DE9E1211C5FE74003F90F6 /* ComAcktieMobileIosQrModuleAssets.m in Sources */ = {isa = PBXBuildFile; fileRef = 24DE9E1011C5FE74003F90F6 /* ComAcktieMobileIosQrModuleAssets.m */; };
		AA747D9F0F9514B9006C5449 /* ComAcktieMobileIosQr_Prefix.pch in Headers */ = {isa = PBXBuildFile; fileRef = AA747D9E0F9514B9006C5449 /* ComAcktieMobileIosQr_Prefix.pch */; };
		AACBBE4A0F95108600F1A2B1 /* Foundation.framework in Frameworks */ = {isa = PBXBuildFile; fileRef = AACBBE490F95108600F1A2B1 /* Foundation.framework */; };
		EF5DD684157521590023C18C /* Decoder.h in Headers */ = {isa = PBXBuildFile; fileRef = EF5DD66A157521590023C18C /* Decoder.h */; };
		EF5DD685157521590023C18C /* Exception.h in Headers */ = {isa = PBXBuildFile; fileRef = EF5DD66B157521590023C18C /* Exception.h */; };
		EF5DD686157521590023C18C /* Image.h in Headers */ = {isa = PBXBuildFile; fileRef = EF5DD66C157521590023C18C /* Image.h */; };
		EF5DD687157521590023C18C /* ImageScanner.h in Headers */ = {isa = PBXBuildFile; fileRef = EF5DD66D157521590023C18C /* ImageScanner.h */; };
		EF5DD688157521590023C18C /* Processor.h in Headers */ = {isa = PBXBuildFile; fileRef = EF5DD66E157521590023C18C /* Processor.h */; };
		EF5DD689157521590023C18C /* Scanner.h in Headers */ = {isa = PBXBuildFile; fileRef = EF5DD66F157521590023C18C /* Scanner.h */; };
		EF5DD68A157521590023C18C /* Symbol.h in Headers */ = {isa = PBXBuildFile; fileRef = EF5DD670157521590023C18C /* Symbol.h */; };
		EF5DD68B157521590023C18C /* Video.h in Headers */ = {isa = PBXBuildFile; fileRef = EF5DD671157521590023C18C /* Video.h */; };
		EF5DD68C157521590023C18C /* Window.h in Headers */ = {isa = PBXBuildFile; fileRef = EF5DD672157521590023C18C /* Window.h */; };
		EF5DD68D157521590023C18C /* zbar.h in Headers */ = {isa = PBXBuildFile; fileRef = EF5DD673157521590023C18C /* zbar.h */; };
		EF5DD68E157521590023C18C /* ZBarCameraSimulator.h in Headers */ = {isa = PBXBuildFile; fileRef = EF5DD674157521590023C18C /* ZBarCameraSimulator.h */; };
		EF5DD68F157521590023C18C /* ZBarCaptureReader.h in Headers */ = {isa = PBXBuildFile; fileRef = EF5DD675157521590023C18C /* ZBarCaptureReader.h */; };
		EF5DD690157521590023C18C /* ZBarHelpController.h in Headers */ = {isa = PBXBuildFile; fileRef = EF5DD676157521590023C18C /* ZBarHelpController.h */; };
		EF5DD691157521590023C18C /* ZBarImage.h in Headers */ = {isa = PBXBuildFile; fileRef = EF5DD677157521590023C18C /* ZBarImage.h */; };
		EF5DD692157521590023C18C /* ZBarImageScanner.h in Headers */ = {isa = PBXBuildFile; fileRef = EF5DD678157521590023C18C /* ZBarImageScanner.h */; };
		EF5DD693157521590023C18C /* ZBarReaderController.h in Headers */ = {isa = PBXBuildFile; fileRef = EF5DD679157521590023C18C /* ZBarReaderController.h */; };
		EF5DD694157521590023C18C /* ZBarReaderView.h in Headers */ = {isa = PBXBuildFile; fileRef = EF5DD67A157521590023C18C /* ZBarReaderView.h */; };
		EF5DD695157521590023C18C /* ZBarReaderViewController.h in Headers */ = {isa = PBXBuildFile; fileRef = EF5DD67B157521590023C18C /* ZBarReaderViewController.h */; };
		EF5DD696157521590023C18C /* ZBarSDK.h in Headers */ = {isa = PBXBuildFile; fileRef = EF5DD67C157521590023C18C /* ZBarSDK.h */; };
		EF5DD697157521590023C18C /* ZBarSymbol.h in Headers */ = {isa = PBXBuildFile; fileRef = EF5DD67D157521590023C18C /* ZBarSymbol.h */; };
		EF5DD69B157521860023C18C /* libiconv.dylib in Frameworks */ = {isa = PBXBuildFile; fileRef = EF5DD69A157521860023C18C /* libiconv.dylib */; settings = {ATTRIBUTES = (Weak, ); }; };
		EF5DD69D157521900023C18C /* QuartzCore.framework in Frameworks */ = {isa = PBXBuildFile; fileRef = EF5DD69C157521900023C18C /* QuartzCore.framework */; };
		EF5DD69F1575219D0023C18C /* CoreVideo.framework in Frameworks */ = {isa = PBXBuildFile; fileRef = EF5DD69E1575219D0023C18C /* CoreVideo.framework */; };
		EF5DD6A1157521AC0023C18C /* AVFoundation.framework in Frameworks */ = {isa = PBXBuildFile; fileRef = EF5DD6A0157521AC0023C18C /* AVFoundation.framework */; };
		EF5DD6A3157521BE0023C18C /* CoreMedia.framework in Frameworks */ = {isa = PBXBuildFile; fileRef = EF5DD6A2157521BE0023C18C /* CoreMedia.framework */; };
/* End PBXBuildFile section */

/* Begin PBXContainerItemProxy section */
		24416B8411C4CA280047AFDD /* PBXContainerItemProxy */ = {
			isa = PBXContainerItemProxy;
			containerPortal = 0867D690FE84028FC02AAC07 /* Project object */;
			proxyType = 1;
			remoteGlobalIDString = D2AAC07D0554694100DB518D;
			remoteInfo = "acktie mobile qr ios";
		};
/* End PBXContainerItemProxy section */

/* Begin PBXFileReference section */
		24DD6CF71134B3F500162E58 /* ComAcktieMobileIosQrModule.h */ = {isa = PBXFileReference; fileEncoding = 4; lastKnownFileType = sourcecode.c.h; name = ComAcktieMobileIosQrModule.h; path = Classes/ComAcktieMobileIosQrModule.h; sourceTree = "<group>"; };
		24DD6CF81134B3F500162E58 /* ComAcktieMobileIosQrModule.m */ = {isa = PBXFileReference; fileEncoding = 4; lastKnownFileType = sourcecode.c.objc; name = ComAcktieMobileIosQrModule.m; path = Classes/ComAcktieMobileIosQrModule.m; sourceTree = "<group>"; };
		24DD6D1B1134B66800162E58 /* titanium.xcconfig */ = {isa = PBXFileReference; fileEncoding = 4; lastKnownFileType = text.xcconfig; path = titanium.xcconfig; sourceTree = "<group>"; };
		24DE9E0F11C5FE74003F90F6 /* ComAcktieMobileIosQrModuleAssets.h */ = {isa = PBXFileReference; fileEncoding = 4; lastKnownFileType = sourcecode.c.h; name = ComAcktieMobileIosQrModuleAssets.h; path = Classes/ComAcktieMobileIosQrModuleAssets.h; sourceTree = "<group>"; };
		24DE9E1011C5FE74003F90F6 /* ComAcktieMobileIosQrModuleAssets.m */ = {isa = PBXFileReference; fileEncoding = 4; lastKnownFileType = sourcecode.c.objc; name = ComAcktieMobileIosQrModuleAssets.m; path = Classes/ComAcktieMobileIosQrModuleAssets.m; sourceTree = "<group>"; };
		AA747D9E0F9514B9006C5449 /* ComAcktieMobileIosQr_Prefix.pch */ = {isa = PBXFileReference; fileEncoding = 4; lastKnownFileType = sourcecode.c.h; path = ComAcktieMobileIosQr_Prefix.pch; sourceTree = SOURCE_ROOT; };
		AACBBE490F95108600F1A2B1 /* Foundation.framework */ = {isa = PBXFileReference; lastKnownFileType = wrapper.framework; name = Foundation.framework; path = System/Library/Frameworks/Foundation.framework; sourceTree = SDKROOT; };
		D2AAC07E0554694100DB518D /* libComAcktieMobileIosQr.a */ = {isa = PBXFileReference; explicitFileType = archive.ar; includeInIndex = 0; path = libComAcktieMobileIosQr.a; sourceTree = BUILT_PRODUCTS_DIR; };
		EF5DD66A157521590023C18C /* Decoder.h */ = {isa = PBXFileReference; fileEncoding = 4; lastKnownFileType = sourcecode.c.h; path = Decoder.h; sourceTree = "<group>"; };
		EF5DD66B157521590023C18C /* Exception.h */ = {isa = PBXFileReference; fileEncoding = 4; lastKnownFileType = sourcecode.c.h; path = Exception.h; sourceTree = "<group>"; };
		EF5DD66C157521590023C18C /* Image.h */ = {isa = PBXFileReference; fileEncoding = 4; lastKnownFileType = sourcecode.c.h; path = Image.h; sourceTree = "<group>"; };
		EF5DD66D157521590023C18C /* ImageScanner.h */ = {isa = PBXFileReference; fileEncoding = 4; lastKnownFileType = sourcecode.c.h; path = ImageScanner.h; sourceTree = "<group>"; };
		EF5DD66E157521590023C18C /* Processor.h */ = {isa = PBXFileReference; fileEncoding = 4; lastKnownFileType = sourcecode.c.h; path = Processor.h; sourceTree = "<group>"; };
		EF5DD66F157521590023C18C /* Scanner.h */ = {isa = PBXFileReference; fileEncoding = 4; lastKnownFileType = sourcecode.c.h; path = Scanner.h; sourceTree = "<group>"; };
		EF5DD670157521590023C18C /* Symbol.h */ = {isa = PBXFileReference; fileEncoding = 4; lastKnownFileType = sourcecode.c.h; path = Symbol.h; sourceTree = "<group>"; };
		EF5DD671157521590023C18C /* Video.h */ = {isa = PBXFileReference; fileEncoding = 4; lastKnownFileType = sourcecode.c.h; path = Video.h; sourceTree = "<group>"; };
		EF5DD672157521590023C18C /* Window.h */ = {isa = PBXFileReference; fileEncoding = 4; lastKnownFileType = sourcecode.c.h; path = Window.h; sourceTree = "<group>"; };
		EF5DD673157521590023C18C /* zbar.h */ = {isa = PBXFileReference; fileEncoding = 4; lastKnownFileType = sourcecode.c.h; path = zbar.h; sourceTree = "<group>"; };
		EF5DD674157521590023C18C /* ZBarCameraSimulator.h */ = {isa = PBXFileReference; fileEncoding = 4; lastKnownFileType = sourcecode.c.h; path = ZBarCameraSimulator.h; sourceTree = "<group>"; };
		EF5DD675157521590023C18C /* ZBarCaptureReader.h */ = {isa = PBXFileReference; fileEncoding = 4; lastKnownFileType = sourcecode.c.h; path = ZBarCaptureReader.h; sourceTree = "<group>"; };
		EF5DD676157521590023C18C /* ZBarHelpController.h */ = {isa = PBXFileReference; fileEncoding = 4; lastKnownFileType = sourcecode.c.h; path = ZBarHelpController.h; sourceTree = "<group>"; };
		EF5DD677157521590023C18C /* ZBarImage.h */ = {isa = PBXFileReference; fileEncoding = 4; lastKnownFileType = sourcecode.c.h; path = ZBarImage.h; sourceTree = "<group>"; };
		EF5DD678157521590023C18C /* ZBarImageScanner.h */ = {isa = PBXFileReference; fileEncoding = 4; lastKnownFileType = sourcecode.c.h; path = ZBarImageScanner.h; sourceTree = "<group>"; };
		EF5DD679157521590023C18C /* ZBarReaderController.h */ = {isa = PBXFileReference; fileEncoding = 4; lastKnownFileType = sourcecode.c.h; path = ZBarReaderController.h; sourceTree = "<group>"; };
		EF5DD67A157521590023C18C /* ZBarReaderView.h */ = {isa = PBXFileReference; fileEncoding = 4; lastKnownFileType = sourcecode.c.h; path = ZBarReaderView.h; sourceTree = "<group>"; };
		EF5DD67B157521590023C18C /* ZBarReaderViewController.h */ = {isa = PBXFileReference; fileEncoding = 4; lastKnownFileType = sourcecode.c.h; path = ZBarReaderViewController.h; sourceTree = "<group>"; };
		EF5DD67C157521590023C18C /* ZBarSDK.h */ = {isa = PBXFileReference; fileEncoding = 4; lastKnownFileType = sourcecode.c.h; path = ZBarSDK.h; sourceTree = "<group>"; };
		EF5DD67D157521590023C18C /* ZBarSymbol.h */ = {isa = PBXFileReference; fileEncoding = 4; lastKnownFileType = sourcecode.c.h; path = ZBarSymbol.h; sourceTree = "<group>"; };
		EF5DD67E157521590023C18C /* libzbar.a */ = {isa = PBXFileReference; lastKnownFileType = archive.ar; path = libzbar.a; sourceTree = "<group>"; };
		EF5DD680157521590023C18C /* zbar-back.png */ = {isa = PBXFileReference; lastKnownFileType = image.png; path = "zbar-back.png"; sourceTree = "<group>"; };
		EF5DD681157521590023C18C /* zbar-help.html */ = {isa = PBXFileReference; fileEncoding = 4; lastKnownFileType = text.html; path = "zbar-help.html"; sourceTree = "<group>"; };
		EF5DD682157521590023C18C /* zbar-helpicons.png */ = {isa = PBXFileReference; lastKnownFileType = image.png; path = "zbar-helpicons.png"; sourceTree = "<group>"; };
		EF5DD683157521590023C18C /* zbar-samples.png */ = {isa = PBXFileReference; lastKnownFileType = image.png; path = "zbar-samples.png"; sourceTree = "<group>"; };
		EF5DD69A157521860023C18C /* libiconv.dylib */ = {isa = PBXFileReference; lastKnownFileType = "compiled.mach-o.dylib"; name = libiconv.dylib; path = usr/lib/libiconv.dylib; sourceTree = SDKROOT; };
		EF5DD69C157521900023C18C /* QuartzCore.framework */ = {isa = PBXFileReference; lastKnownFileType = wrapper.framework; name = QuartzCore.framework; path = System/Library/Frameworks/QuartzCore.framework; sourceTree = SDKROOT; };
		EF5DD69E1575219D0023C18C /* CoreVideo.framework */ = {isa = PBXFileReference; lastKnownFileType = wrapper.framework; name = CoreVideo.framework; path = System/Library/Frameworks/CoreVideo.framework; sourceTree = SDKROOT; };
		EF5DD6A0157521AC0023C18C /* AVFoundation.framework */ = {isa = PBXFileReference; lastKnownFileType = wrapper.framework; name = AVFoundation.framework; path = System/Library/Frameworks/AVFoundation.framework; sourceTree = SDKROOT; };
		EF5DD6A2157521BE0023C18C /* CoreMedia.framework */ = {isa = PBXFileReference; lastKnownFileType = wrapper.framework; name = CoreMedia.framework; path = System/Library/Frameworks/CoreMedia.framework; sourceTree = SDKROOT; };
		EFA3F18A159A343400EF8480 /* AddressBook.framework */ = {isa = PBXFileReference; lastKnownFileType = wrapper.framework; name = AddressBook.framework; path = System/Library/Frameworks/AddressBook.framework; sourceTree = SDKROOT; };
		EFA3F18B159A343400EF8480 /* AddressBookUI.framework */ = {isa = PBXFileReference; lastKnownFileType = wrapper.framework; name = AddressBookUI.framework; path = System/Library/Frameworks/AddressBookUI.framework; sourceTree = SDKROOT; };
		EFA3F18E159A34B400EF8480 /* AudioToolbox.framework */ = {isa = PBXFileReference; lastKnownFileType = wrapper.framework; name = AudioToolbox.framework; path = System/Library/Frameworks/AudioToolbox.framework; sourceTree = SDKROOT; };
/* End PBXFileReference section */

/* Begin PBXFrameworksBuildPhase section */
		D2AAC07C0554694100DB518D /* Frameworks */ = {
			isa = PBXFrameworksBuildPhase;
			buildActionMask = 2147483647;
			files = (
				EF5DD6A3157521BE0023C18C /* CoreMedia.framework in Frameworks */,
				EF5DD6A1157521AC0023C18C /* AVFoundation.framework in Frameworks */,
				EF5DD69F1575219D0023C18C /* CoreVideo.framework in Frameworks */,
				EF5DD69D157521900023C18C /* QuartzCore.framework in Frameworks */,
				EF5DD69B157521860023C18C /* libiconv.dylib in Frameworks */,
				AACBBE4A0F95108600F1A2B1 /* Foundation.framework in Frameworks */,
			);
			runOnlyForDeploymentPostprocessing = 0;
		};
/* End PBXFrameworksBuildPhase section */

/* Begin PBXGroup section */
		034768DFFF38A50411DB9C8B /* Products */ = {
			isa = PBXGroup;
			children = (
				D2AAC07E0554694100DB518D /* libComAcktieMobileIosQr.a */,
			);
			name = Products;
			sourceTree = "<group>";
		};
		0867D691FE84028FC02AAC07 /* acktie mobile qr ios */ = {
			isa = PBXGroup;
			children = (
				EFA3F18E159A34B400EF8480 /* AudioToolbox.framework */,
				EFA3F18A159A343400EF8480 /* AddressBook.framework */,
				EFA3F18B159A343400EF8480 /* AddressBookUI.framework */,
				EF5DD6A2157521BE0023C18C /* CoreMedia.framework */,
				EF5DD6A0157521AC0023C18C /* AVFoundation.framework */,
				EF5DD69E1575219D0023C18C /* CoreVideo.framework */,
				EF5DD69C157521900023C18C /* QuartzCore.framework */,
				EF5DD69A157521860023C18C /* libiconv.dylib */,
				08FB77AEFE84172EC02AAC07 /* Classes */,
				32C88DFF0371C24200C91783 /* Other Sources */,
				0867D69AFE84028FC02AAC07 /* Frameworks */,
				034768DFFF38A50411DB9C8B /* Products */,
				EF5DD666157521590023C18C /* ZBarSDK */,
			);
			name = "acktie mobile qr ios";
			sourceTree = "<group>";
		};
		0867D69AFE84028FC02AAC07 /* Frameworks */ = {
			isa = PBXGroup;
			children = (
				AACBBE490F95108600F1A2B1 /* Foundation.framework */,
			);
			name = Frameworks;
			sourceTree = "<group>";
		};
		08FB77AEFE84172EC02AAC07 /* Classes */ = {
			isa = PBXGroup;
			children = (
				24DE9E0F11C5FE74003F90F6 /* ComAcktieMobileIosQrModuleAssets.h */,
				24DE9E1011C5FE74003F90F6 /* ComAcktieMobileIosQrModuleAssets.m */,
				24DD6CF71134B3F500162E58 /* ComAcktieMobileIosQrModule.h */,
				24DD6CF81134B3F500162E58 /* ComAcktieMobileIosQrModule.m */,
			);
			name = Classes;
			sourceTree = "<group>";
		};
		32C88DFF0371C24200C91783 /* Other Sources */ = {
			isa = PBXGroup;
			children = (
				AA747D9E0F9514B9006C5449 /* ComAcktieMobileIosQr_Prefix.pch */,
				24DD6D1B1134B66800162E58 /* titanium.xcconfig */,
			);
			name = "Other Sources";
			sourceTree = "<group>";
		};
		EF5DD666157521590023C18C /* ZBarSDK */ = {
			isa = PBXGroup;
			children = (
				EF5DD667157521590023C18C /* Headers */,
				EF5DD67E157521590023C18C /* libzbar.a */,
				EF5DD67F157521590023C18C /* Resources */,
			);
			path = ZBarSDK;
			sourceTree = "<group>";
		};
		EF5DD667157521590023C18C /* Headers */ = {
			isa = PBXGroup;
			children = (
				EF5DD668157521590023C18C /* ZBarSDK */,
			);
			path = Headers;
			sourceTree = "<group>";
		};
		EF5DD668157521590023C18C /* ZBarSDK */ = {
			isa = PBXGroup;
			children = (
				EF5DD669157521590023C18C /* zbar */,
				EF5DD673157521590023C18C /* zbar.h */,
				EF5DD674157521590023C18C /* ZBarCameraSimulator.h */,
				EF5DD675157521590023C18C /* ZBarCaptureReader.h */,
				EF5DD676157521590023C18C /* ZBarHelpController.h */,
				EF5DD677157521590023C18C /* ZBarImage.h */,
				EF5DD678157521590023C18C /* ZBarImageScanner.h */,
				EF5DD679157521590023C18C /* ZBarReaderController.h */,
				EF5DD67A157521590023C18C /* ZBarReaderView.h */,
				EF5DD67B157521590023C18C /* ZBarReaderViewController.h */,
				EF5DD67C157521590023C18C /* ZBarSDK.h */,
				EF5DD67D157521590023C18C /* ZBarSymbol.h */,
			);
			path = ZBarSDK;
			sourceTree = "<group>";
		};
		EF5DD669157521590023C18C /* zbar */ = {
			isa = PBXGroup;
			children = (
				EF5DD66A157521590023C18C /* Decoder.h */,
				EF5DD66B157521590023C18C /* Exception.h */,
				EF5DD66C157521590023C18C /* Image.h */,
				EF5DD66D157521590023C18C /* ImageScanner.h */,
				EF5DD66E157521590023C18C /* Processor.h */,
				EF5DD66F157521590023C18C /* Scanner.h */,
				EF5DD670157521590023C18C /* Symbol.h */,
				EF5DD671157521590023C18C /* Video.h */,
				EF5DD672157521590023C18C /* Window.h */,
			);
			path = zbar;
			sourceTree = "<group>";
		};
		EF5DD67F157521590023C18C /* Resources */ = {
			isa = PBXGroup;
			children = (
				EF5DD680157521590023C18C /* zbar-back.png */,
				EF5DD681157521590023C18C /* zbar-help.html */,
				EF5DD682157521590023C18C /* zbar-helpicons.png */,
				EF5DD683157521590023C18C /* zbar-samples.png */,
			);
			path = Resources;
			sourceTree = "<group>";
		};
/* End PBXGroup section */

/* Begin PBXHeadersBuildPhase section */
		D2AAC07A0554694100DB518D /* Headers */ = {
			isa = PBXHeadersBuildPhase;
			buildActionMask = 2147483647;
			files = (
				AA747D9F0F9514B9006C5449 /* ComAcktieMobileIosQr_Prefix.pch in Headers */,
				24DD6CF91134B3F500162E58 /* ComAcktieMobileIosQrModule.h in Headers */,
				24DE9E1111C5FE74003F90F6 /* ComAcktieMobileIosQrModuleAssets.h in Headers */,
				EF5DD684157521590023C18C /* Decoder.h in Headers */,
				EF5DD685157521590023C18C /* Exception.h in Headers */,
				EF5DD686157521590023C18C /* Image.h in Headers */,
				EF5DD687157521590023C18C /* ImageScanner.h in Headers */,
				EF5DD688157521590023C18C /* Processor.h in Headers */,
				EF5DD689157521590023C18C /* Scanner.h in Headers */,
				EF5DD68A157521590023C18C /* Symbol.h in Headers */,
				EF5DD68B157521590023C18C /* Video.h in Headers */,
				EF5DD68C157521590023C18C /* Window.h in Headers */,
				EF5DD68D157521590023C18C /* zbar.h in Headers */,
				EF5DD68E157521590023C18C /* ZBarCameraSimulator.h in Headers */,
				EF5DD68F157521590023C18C /* ZBarCaptureReader.h in Headers */,
				EF5DD690157521590023C18C /* ZBarHelpController.h in Headers */,
				EF5DD691157521590023C18C /* ZBarImage.h in Headers */,
				EF5DD692157521590023C18C /* ZBarImageScanner.h in Headers */,
				EF5DD693157521590023C18C /* ZBarReaderController.h in Headers */,
				EF5DD694157521590023C18C /* ZBarReaderView.h in Headers */,
				EF5DD695157521590023C18C /* ZBarReaderViewController.h in Headers */,
				EF5DD696157521590023C18C /* ZBarSDK.h in Headers */,
				EF5DD697157521590023C18C /* ZBarSymbol.h in Headers */,
			);
			runOnlyForDeploymentPostprocessing = 0;
		};
/* End PBXHeadersBuildPhase section */

/* Begin PBXNativeTarget section */
		D2AAC07D0554694100DB518D /* acktie mobile qr ios */ = {
			isa = PBXNativeTarget;
			buildConfigurationList = 1DEB921E08733DC00010E9CD /* Build configuration list for PBXNativeTarget "acktie mobile qr ios" */;
			buildPhases = (
				D2AAC07A0554694100DB518D /* Headers */,
				D2AAC07B0554694100DB518D /* Sources */,
				D2AAC07C0554694100DB518D /* Frameworks */,
			);
			buildRules = (
			);
			dependencies = (
			);
			name = "acktie mobile qr ios";
			productName = "acktie mobile qr ios";
			productReference = D2AAC07E0554694100DB518D /* libComAcktieMobileIosQr.a */;
			productType = "com.apple.product-type.library.static";
		};
/* End PBXNativeTarget section */

/* Begin PBXProject section */
		0867D690FE84028FC02AAC07 /* Project object */ = {
			isa = PBXProject;
			buildConfigurationList = 1DEB922208733DC00010E9CD /* Build configuration list for PBXProject "acktie mobile qr ios" */;
			compatibilityVersion = "Xcode 3.1";
			developmentRegion = English;
			hasScannedForEncodings = 1;
			knownRegions = (
				English,
				Japanese,
				French,
				German,
				de,
				en,
				fr,
				sv,
			);
			mainGroup = 0867D691FE84028FC02AAC07 /* acktie mobile qr ios */;
			productRefGroup = 034768DFFF38A50411DB9C8B /* Products */;
			projectDirPath = "";
			projectRoot = "";
			targets = (
				D2AAC07D0554694100DB518D /* acktie mobile qr ios */,
				24416B8111C4CA220047AFDD /* Build & Test */,
			);
		};
/* End PBXProject section */

/* Begin PBXShellScriptBuildPhase section */
		24416B8011C4CA220047AFDD /* ShellScript */ = {
			isa = PBXShellScriptBuildPhase;
			buildActionMask = 2147483647;
			files = (
			);
			inputPaths = (
			);
			outputPaths = (
			);
			runOnlyForDeploymentPostprocessing = 0;
			shellPath = /bin/sh;
			shellScript = "# shell script goes here\n\npython \"${TITANIUM_SDK}/titanium.py\" run --dir=\"${PROJECT_DIR}\"\nexit $?\n";
		};
/* End PBXShellScriptBuildPhase section */

/* Begin PBXSourcesBuildPhase section */
		D2AAC07B0554694100DB518D /* Sources */ = {
			isa = PBXSourcesBuildPhase;
			buildActionMask = 2147483647;
			files = (
				24DD6CFA1134B3F500162E58 /* ComAcktieMobileIosQrModule.m in Sources */,
				24DE9E1211C5FE74003F90F6 /* ComAcktieMobileIosQrModuleAssets.m in Sources */,
			);
			runOnlyForDeploymentPostprocessing = 0;
		};
/* End PBXSourcesBuildPhase section */

/* Begin PBXTargetDependency section */
		24416B8511C4CA280047AFDD /* PBXTargetDependency */ = {
			isa = PBXTargetDependency;
			target = D2AAC07D0554694100DB518D /* acktie mobile qr ios */;
			targetProxy = 24416B8411C4CA280047AFDD /* PBXContainerItemProxy */;
		};
/* End PBXTargetDependency section */

/* Begin XCBuildConfiguration section */
		1DEB921F08733DC00010E9CD /* Debug */ = {
			isa = XCBuildConfiguration;
			baseConfigurationReference = 24DD6D1B1134B66800162E58 /* titanium.xcconfig */;
			buildSettings = {
				ARCHS = (
					armv6,
					armv7,
				);
				"ARCHS[sdk=iphoneos*]" = (
					armv6,
					armv7,
				);
				"ARCHS[sdk=iphonesimulator*]" = i386;
				CODE_SIGN_IDENTITY = "iPhone Developer";
				"CODE_SIGN_IDENTITY[sdk=iphoneos*]" = "iPhone Developer";
				DSTROOT = /tmp/ComAcktieMobileIosQr.dst;
				GCC_C_LANGUAGE_STANDARD = c99;
				GCC_OPTIMIZATION_LEVEL = 0;
				GCC_PRECOMPILE_PREFIX_HEADER = YES;
				GCC_PREFIX_HEADER = ComAcktieMobileIosQr_Prefix.pch;
				GCC_PREPROCESSOR_DEFINITIONS = "TI_VERSION=$(TI_VERSION)";
				GCC_TREAT_WARNINGS_AS_ERRORS = NO;
				GCC_VERSION = "";
				GCC_WARN_ABOUT_RETURN_TYPE = NO;
				GCC_WARN_MISSING_PARENTHESES = NO;
				GCC_WARN_SHADOW = NO;
				GCC_WARN_STRICT_SELECTOR_MATCH = NO;
				GCC_WARN_UNUSED_FUNCTION = YES;
				GCC_WARN_UNUSED_PARAMETER = NO;
				GCC_WARN_UNUSED_VALUE = NO;
				GCC_WARN_UNUSED_VARIABLE = NO;
				INSTALL_PATH = /usr/local/lib;
				LIBRARY_SEARCH_PATHS = (
					"$(inherited)",
					"\"$(SRCROOT)/ZBarSDK\"",
				);
				OTHER_CFLAGS = (
					"-DDEBUG",
					"-DTI_POST_1_2",
				);
				OTHER_LDFLAGS = "-ObjC";
				PRODUCT_NAME = ComAcktieMobileIosQr;
				PROVISIONING_PROFILE = "";
				"PROVISIONING_PROFILE[sdk=iphoneos*]" = "";
				RUN_CLANG_STATIC_ANALYZER = NO;
				SDKROOT = iphoneos;
				USER_HEADER_SEARCH_PATHS = "";
			};
			name = Debug;
		};
		1DEB922008733DC00010E9CD /* Release */ = {
			isa = XCBuildConfiguration;
			baseConfigurationReference = 24DD6D1B1134B66800162E58 /* titanium.xcconfig */;
			buildSettings = {
				ALWAYS_SEARCH_USER_PATHS = NO;
				ARCHS = (
					armv6,
					armv7,
				);
				"ARCHS[sdk=iphoneos*]" = (
					armv6,
					armv7,
				);
				"ARCHS[sdk=iphonesimulator*]" = i386;
				DSTROOT = /tmp/ComAcktieMobileIosQr.dst;
				GCC_C_LANGUAGE_STANDARD = c99;
				GCC_MODEL_TUNING = G5;
				GCC_PRECOMPILE_PREFIX_HEADER = YES;
				GCC_PREFIX_HEADER = ComAcktieMobileIosQr_Prefix.pch;
				GCC_PREPROCESSOR_DEFINITIONS = "TI_VERSION=$(TI_VERSION)";
				GCC_TREAT_WARNINGS_AS_ERRORS = NO;
				GCC_VERSION = "";
				GCC_WARN_ABOUT_RETURN_TYPE = NO;
				GCC_WARN_MISSING_PARENTHESES = NO;
				GCC_WARN_SHADOW = NO;
				GCC_WARN_STRICT_SELECTOR_MATCH = NO;
				GCC_WARN_UNUSED_FUNCTION = YES;
				GCC_WARN_UNUSED_PARAMETER = NO;
				GCC_WARN_UNUSED_VALUE = NO;
				GCC_WARN_UNUSED_VARIABLE = NO;
				INSTALL_PATH = /usr/local/lib;
				IPHONEOS_DEPLOYMENT_TARGET = 4.0;
				LIBRARY_SEARCH_PATHS = (
					"$(inherited)",
					"\"$(SRCROOT)/ZBarSDK\"",
				);
				OTHER_CFLAGS = "-DTI_POST_1_2";
				OTHER_LDFLAGS = "-ObjC";
				PRODUCT_NAME = ComAcktieMobileIosQr;
				RUN_CLANG_STATIC_ANALYZER = NO;
				SDKROOT = iphoneos;
				USER_HEADER_SEARCH_PATHS = "";
			};
			name = Release;
		};
		1DEB922308733DC00010E9CD /* Debug */ = {
			isa = XCBuildConfiguration;
			baseConfigurationReference = 24DD6D1B1134B66800162E58 /* titanium.xcconfig */;
			buildSettings = {
				ARCHS = "$(ARCHS_STANDARD_32_BIT)";
				"ARCHS[sdk=iphoneos*]" = "$(ARCHS_STANDARD_32_BIT)";
				"ARCHS[sdk=iphonesimulator*]" = i386;
				CODE_SIGN_IDENTITY = "iPhone Developer";
				"CODE_SIGN_IDENTITY[sdk=iphoneos*]" = "iPhone Developer";
				DSTROOT = /tmp/ComAcktieMobileIosQr.dst;
				GCC_C_LANGUAGE_STANDARD = c99;
				GCC_OPTIMIZATION_LEVEL = 0;
				GCC_PRECOMPILE_PREFIX_HEADER = YES;
				GCC_PREFIX_HEADER = ComAcktieMobileIosQr_Prefix.pch;
				GCC_PREPROCESSOR_DEFINITIONS = "TI_VERSION=$(TI_VERSION)";
				GCC_TREAT_WARNINGS_AS_ERRORS = NO;
				GCC_VERSION = "";
				GCC_WARN_ABOUT_RETURN_TYPE = NO;
				GCC_WARN_MISSING_PARENTHESES = NO;
				GCC_WARN_SHADOW = NO;
				GCC_WARN_STRICT_SELECTOR_MATCH = NO;
				GCC_WARN_UNUSED_FUNCTION = YES;
				GCC_WARN_UNUSED_PARAMETER = NO;
				GCC_WARN_UNUSED_VALUE = NO;
				GCC_WARN_UNUSED_VARIABLE = NO;
				HEADER_SEARCH_PATHS = (
					"$(TITANIUM_BASE_SDK)",
					"$(TITANIUM_BASE_SDK2)",
				);
				INSTALL_PATH = /usr/local/lib;
				ONLY_ACTIVE_ARCH = NO;
				OTHER_CFLAGS = (
					"-DDEBUG",
					"-DTI_POST_1_2",
				);
				OTHER_LDFLAGS = "-ObjC";
				PRODUCT_NAME = ComAcktieMobileIosQr;
				PROVISIONING_PROFILE = "";
				"PROVISIONING_PROFILE[sdk=iphoneos*]" = "";
				RUN_CLANG_STATIC_ANALYZER = NO;
				SDKROOT = iphoneos6.0;
				USER_HEADER_SEARCH_PATHS = "";
				VALID_ARCHS = "i386 armv7 armv7s";
			};
			name = Debug;
		};
		1DEB922408733DC00010E9CD /* Release */ = {
			isa = XCBuildConfiguration;
			baseConfigurationReference = 24DD6D1B1134B66800162E58 /* titanium.xcconfig */;
			buildSettings = {
				ALWAYS_SEARCH_USER_PATHS = NO;
				ARCHS = "$(ARCHS_STANDARD_32_BIT)";
				"ARCHS[sdk=iphoneos*]" = "$(ARCHS_STANDARD_32_BIT)";
				"ARCHS[sdk=iphonesimulator*]" = "$(ARCHS_STANDARD_32_BIT)";
				DSTROOT = /tmp/ComAcktieMobileIosQr.dst;
				GCC_C_LANGUAGE_STANDARD = c99;
				GCC_MODEL_TUNING = G5;
				GCC_PRECOMPILE_PREFIX_HEADER = YES;
				GCC_PREFIX_HEADER = ComAcktieMobileIosQr_Prefix.pch;
				GCC_PREPROCESSOR_DEFINITIONS = "TI_VERSION=$(TI_VERSION)";
				GCC_TREAT_WARNINGS_AS_ERRORS = NO;
				GCC_VERSION = "";
				GCC_WARN_ABOUT_RETURN_TYPE = NO;
				GCC_WARN_MISSING_PARENTHESES = NO;
				GCC_WARN_SHADOW = NO;
				GCC_WARN_STRICT_SELECTOR_MATCH = NO;
				GCC_WARN_UNUSED_FUNCTION = YES;
				GCC_WARN_UNUSED_PARAMETER = NO;
				GCC_WARN_UNUSED_VALUE = NO;
				GCC_WARN_UNUSED_VARIABLE = NO;
				HEADER_SEARCH_PATHS = (
					"$(TITANIUM_BASE_SDK)",
					"$(TITANIUM_BASE_SDK2)",
				);
				INSTALL_PATH = /usr/local/lib;
				IPHONEOS_DEPLOYMENT_TARGET = 4.0;
				ONLY_ACTIVE_ARCH = NO;
				OTHER_CFLAGS = "-DTI_POST_1_2";
				OTHER_LDFLAGS = "-ObjC";
				PRODUCT_NAME = ComAcktieMobileIosQr;
				RUN_CLANG_STATIC_ANALYZER = NO;
				SDKROOT = iphoneos6.0;
				USER_HEADER_SEARCH_PATHS = "";
				VALID_ARCHS = "i386 armv7 armv7s";
			};
			name = Release;
		};
		24416B8211C4CA220047AFDD /* Debug */ = {
			isa = XCBuildConfiguration;
			baseConfigurationReference = 24DD6D1B1134B66800162E58 /* titanium.xcconfig */;
			buildSettings = {
				COPY_PHASE_STRIP = NO;
				GCC_DYNAMIC_NO_PIC = NO;
				GCC_OPTIMIZATION_LEVEL = 0;
				PRODUCT_NAME = "Build & test";
			};
			name = Debug;
		};
		24416B8311C4CA220047AFDD /* Release */ = {
			isa = XCBuildConfiguration;
			baseConfigurationReference = 24DD6D1B1134B66800162E58 /* titanium.xcconfig */;
			buildSettings = {
				COPY_PHASE_STRIP = YES;
				DEBUG_INFORMATION_FORMAT = "dwarf-with-dsym";
				GCC_ENABLE_FIX_AND_CONTINUE = NO;
				PRODUCT_NAME = "Build & test";
				ZERO_LINK = NO;
			};
			name = Release;
		};
/* End XCBuildConfiguration section */

/* Begin XCConfigurationList section */
		1DEB921E08733DC00010E9CD /* Build configuration list for PBXNativeTarget "acktie mobile qr ios" */ = {
			isa = XCConfigurationList;
			buildConfigurations = (
				1DEB921F08733DC00010E9CD /* Debug */,
				1DEB922008733DC00010E9CD /* Release */,
			);
			defaultConfigurationIsVisible = 0;
			defaultConfigurationName = Release;
		};
		1DEB922208733DC00010E9CD /* Build configuration list for PBXProject "acktie mobile qr ios" */ = {
			isa = XCConfigurationList;
			buildConfigurations = (
				1DEB922308733DC00010E9CD /* Debug */,
				1DEB922408733DC00010E9CD /* Release */,
			);
			defaultConfigurationIsVisible = 0;
			defaultConfigurationName = Release;
		};
		24416B8A11C4CA520047AFDD /* Build configuration list for PBXAggregateTarget "Build & Test" */ = {
			isa = XCConfigurationList;
			buildConfigurations = (
				24416B8211C4CA220047AFDD /* Debug */,
				24416B8311C4CA220047AFDD /* Release */,
			);
			defaultConfigurationIsVisible = 0;
			defaultConfigurationName = Release;
		};
/* End XCConfigurationList section */
	};
	rootObject = 0867D690FE84028FC02AAC07 /* Project object */;
}
